PODS:
  - CocoaAsyncSocket (7.6.3)
  - CocoaLumberjack (3.4.2):
    - CocoaLumberjack/Default (= 3.4.2)
    - CocoaLumberjack/Extensions (= 3.4.2)
  - CocoaLumberjack/Default (3.4.2)
  - CocoaLumberjack/Extensions (3.4.2):
    - CocoaLumberjack/Default
  - CocoaLumberjack/Swift (3.4.2):
    - CocoaLumberjack/Default
  - Flutter (1.0.0)
  - flutter_paper_trail (0.0.1):
    - Flutter
    - PaperTrailLumberjack/Swift
  - PaperTrailLumberjack/Core (0.1.8):
    - CocoaAsyncSocket (~> 7.5)
    - CocoaLumberjack (~> 3.0)
  - PaperTrailLumberjack/Swift (0.1.8):
    - CocoaLumberjack/Swift (~> 3.0)
    - PaperTrailLumberjack/Core

DEPENDENCIES:
  - Flutter (from `.symlinks/flutter/ios`)
  - flutter_paper_trail (from `.symlinks/plugins/flutter_paper_trail/ios`)

SPEC REPOS:
  https://github.com/cocoapods/specs.git:
    - CocoaAsyncSocket
    - CocoaLumberjack
    - PaperTrailLumberjack

EXTERNAL SOURCES:
  Flutter:
    :path: ".symlinks/flutter/ios"
  flutter_paper_trail:
    :path: ".symlinks/plugins/flutter_paper_trail/ios"

SPEC CHECKSUMS:
  CocoaAsyncSocket: eafaa68a7e0ec99ead0a7b35015e0bf25d2c8987
  CocoaLumberjack: db7cc9e464771f12054c22ff6947c5a58d43a0fd
  Flutter: 9d0fac939486c9aba2809b7982dfdbb47a7b0296
  flutter_paper_trail: aaa6c806ae7a7009e65c73fd92b54f2bf9e09e78
  PaperTrailLumberjack: afd1a729641ebb2e10975db30a5f8ebc890cccd6

PODFILE CHECKSUM: 7765ea4305eaab0b3dfd384c7de11902aa3195fd

COCOAPODS: 1.5.2
